{
  "requires": true,
  "lockfileVersion": 1,
  "dependencies": {
    "jquery-viewport-checker": {
      "version": "1.8.8",
      "resolved": "https://registry.npmjs.org/jquery-viewport-checker/-/jquery-viewport-checker-1.8.8.tgz",
      "integrity": "sha1-zwta+TDVsc1oNvcXmfYq4fV/qoY="
    }
  }
}
